
Microsoft Visual Studio Solution File, Format Version 12.00
# Visual Studio Version 16
VisualStudioVersion = 16.0.29209.62
MinimumVisualStudioVersion = 10.0.40219.1
Project("{FAE04EC0-301F-11D3-BF4B-00C04F79EFBC}") = "Polygons", "Polygons\Polygons.csproj", "{7D6FFDF0-90FF-4DA2-B52A-D025C595CF34}"
EndProject
Project("{FAE04EC0-301F-11D3-BF4B-00C04F79EFBC}") = "Polygons.Library", "Polygons.Library\Polygons.Library.csproj", "{EF79DBDB-B5E1-4AB4-A3F5-F79DBE8ABC2D}"
EndProject
Global
	GlobalSection(SolutionConfigurationPlatforms) = preSolution
		Debug|Any CPU = Debug|Any CPU
		Release|Any CPU = Release|Any CPU
	EndGlobalSection
	GlobalSection(ProjectConfigurationPlatforms) = postSolution
		{7D6FFDF0-90FF-4DA2-B52A-D025C595CF34}.Debug|Any CPU.ActiveCfg = Debug|Any CPU
		{7D6FFDF0-90FF-4DA2-B52A-D025C595CF34}.Debug|Any CPU.Build.0 = Debug|Any CPU
		{7D6FFDF0-90FF-4DA2-B52A-D025C595CF34}.Release|Any CPU.ActiveCfg = Release|Any CPU
		{7D6FFDF0-90FF-4DA2-B52A-D025C595CF34}.Release|Any CPU.Build.0 = Release|Any CPU
		{EF79DBDB-B5E1-4AB4-A3F5-F79DBE8ABC2D}.Debug|Any CPU.ActiveCfg = Debug|Any CPU
		{EF79DBDB-B5E1-4AB4-A3F5-F79DBE8ABC2D}.Debug|Any CPU.Build.0 = Debug|Any CPU
		{EF79DBDB-B5E1-4AB4-A3F5-F79DBE8ABC2D}.Release|Any CPU.ActiveCfg = Release|Any CPU
		{EF79DBDB-B5E1-4AB4-A3F5-F79DBE8ABC2D}.Release|Any CPU.Build.0 = Release|Any CPU
	EndGlobalSection
	GlobalSection(SolutionProperties) = preSolution
		HideSolutionNode = FALSE
	EndGlobalSection
	GlobalSection(ExtensibilityGlobals) = postSolution
		SolutionGuid = {C788BD48-5ECB-4A3B-B483-F6F9E359175F}
	EndGlobalSection
EndGlobal
